
Microsoft Visual Studio Solution File, Format Version 12.00
# Visual Studio Version 17
VisualStudioVersion = 17.10.35013.160
MinimumVisualStudioVersion = 10.0.40219.1
Project("{FAE04EC0-301F-11D3-BF4B-00C04F79EFBC}") = "PhoneBook", "PhoneBook\PhoneBook.csproj", "{3F8BA860-A550-482D-9B91-A817EA1A3183}"
EndProject
Global
	GlobalSection(SolutionConfigurationPlatforms) = preSolution
		Debug|Any CPU = Debug|Any CPU
		Release|Any CPU = Release|Any CPU
	EndGlobalSection
	GlobalSection(ProjectConfigurationPlatforms) = postSolution
		{3F8BA860-A550-482D-9B91-A817EA1A3183}.Debug|Any CPU.ActiveCfg = Debug|Any CPU
		{3F8BA860-A550-482D-9B91-A817EA1A3183}.Debug|Any CPU.Build.0 = Debug|Any CPU
		{3F8BA860-A550-482D-9B91-A817EA1A3183}.Release|Any CPU.ActiveCfg = Release|Any CPU
		{3F8BA860-A550-482D-9B91-A817EA1A3183}.Release|Any CPU.Build.0 = Release|Any CPU
	EndGlobalSection
	GlobalSection(SolutionProperties) = preSolution
		HideSolutionNode = FALSE
	EndGlobalSection
	GlobalSection(ExtensibilityGlobals) = postSolution
		SolutionGuid = {A3057CEB-E36E-405F-AD7F-E328EFFC8C75}
	EndGlobalSection
EndGlobal
